
Microsoft Visual Studio Solution File, Format Version 12.00
# Visual Studio Version 16
VisualStudioVersion = 16.0.32602.291
MinimumVisualStudioVersion = 10.0.40219.1
Project("{888888A0-9F3D-457C-B088-3A5042F75D52}") = "CompareQuotes", "CompareQuotes\CompareQuotes.pyproj", "{41F77E29-587F-435C-9898-E7667138BEBB}"
EndProject
Global
	GlobalSection(SolutionConfigurationPlatforms) = preSolution
		Debug|Any CPU = Debug|Any CPU
		Release|Any CPU = Release|Any CPU
	EndGlobalSection
	GlobalSection(ProjectConfigurationPlatforms) = postSolution
		{41F77E29-587F-435C-9898-E7667138BEBB}.Debug|Any CPU.ActiveCfg = Debug|Any CPU
		{41F77E29-587F-435C-9898-E7667138BEBB}.Release|Any CPU.ActiveCfg = Release|Any CPU
	EndGlobalSection
	GlobalSection(SolutionProperties) = preSolution
		HideSolutionNode = FALSE
	EndGlobalSection
	GlobalSection(ExtensibilityGlobals) = postSolution
		SolutionGuid = {6E200138-B4BA-41F0-8482-3BA81D911216}
	EndGlobalSection
EndGlobal
